
Microsoft Visual Studio Solution File, Format Version 12.00
# Visual Studio Version 17
VisualStudioVersion = 17.13.35825.156 d17.13
MinimumVisualStudioVersion = 10.0.40219.1
Project("{FAE04EC0-301F-11D3-BF4B-00C04F79EFBC}") = "CSV-ML-DataDictionary-Preparing", "CSV-ML-DataDictionary-Preparing\CSV-ML-DataDictionary-Preparing.csproj", "{F2B5B945-04FE-4311-97DD-6B4AB1EDF8C3}"
EndProject
Global
	GlobalSection(SolutionConfigurationPlatforms) = preSolution
		Debug|Any CPU = Debug|Any CPU
		Release|Any CPU = Release|Any CPU
	EndGlobalSection
	GlobalSection(ProjectConfigurationPlatforms) = postSolution
		{F2B5B945-04FE-4311-97DD-6B4AB1EDF8C3}.Debug|Any CPU.ActiveCfg = Debug|Any CPU
		{F2B5B945-04FE-4311-97DD-6B4AB1EDF8C3}.Debug|Any CPU.Build.0 = Debug|Any CPU
		{F2B5B945-04FE-4311-97DD-6B4AB1EDF8C3}.Release|Any CPU.ActiveCfg = Release|Any CPU
		{F2B5B945-04FE-4311-97DD-6B4AB1EDF8C3}.Release|Any CPU.Build.0 = Release|Any CPU
	EndGlobalSection
	GlobalSection(SolutionProperties) = preSolution
		HideSolutionNode = FALSE
	EndGlobalSection
	GlobalSection(ExtensibilityGlobals) = postSolution
		SolutionGuid = {C1B88209-775B-44F6-B88B-B55A7E09631C}
	EndGlobalSection
EndGlobal
